
Microsoft Visual Studio Solution File, Format Version 12.00
# Visual Studio Version 17
VisualStudioVersion = 17.6.33417.168
MinimumVisualStudioVersion = 10.0.40219.1
Project("{FAE04EC0-301F-11D3-BF4B-00C04F79EFBC}") = "TerraMours.Chat.Ava", "TerraMours.Chat.Ava.csproj", "{5EC5AE2C-B4AF-4294-AEF3-EDBCC127095D}"
EndProject
Global
	GlobalSection(SolutionConfigurationPlatforms) = preSolution
		Debug|Any CPU = Debug|Any CPU
		Release|Any CPU = Release|Any CPU
	EndGlobalSection
	GlobalSection(ProjectConfigurationPlatforms) = postSolution
		{5EC5AE2C-B4AF-4294-AEF3-EDBCC127095D}.Debug|Any CPU.ActiveCfg = Debug|Any CPU
		{5EC5AE2C-B4AF-4294-AEF3-EDBCC127095D}.Debug|Any CPU.Build.0 = Debug|Any CPU
		{5EC5AE2C-B4AF-4294-AEF3-EDBCC127095D}.Release|Any CPU.ActiveCfg = Release|Any CPU
		{5EC5AE2C-B4AF-4294-AEF3-EDBCC127095D}.Release|Any CPU.Build.0 = Release|Any CPU
	EndGlobalSection
	GlobalSection(SolutionProperties) = preSolution
		HideSolutionNode = FALSE
	EndGlobalSection
	GlobalSection(ExtensibilityGlobals) = postSolution
		SolutionGuid = {F4866D71-4244-49A7-A94D-63F679125434}
	EndGlobalSection
EndGlobal
